// !$*UTF8*$!
{
	archiveVersion = 1;
	classes = {
	};
	objectVersion = 50;
	objects = {

/* Begin PBXBuildFile section */
		F8506106269EC71000F1491A /* volumeApp.swift in Sources */ = {isa = PBXBuildFile; fileRef = F8506105269EC71000F1491A /* volumeApp.swift */; };
		F8506108269EC71000F1491A /* ContentView.swift in Sources */ = {isa = PBXBuildFile; fileRef = F8506107269EC71000F1491A /* ContentView.swift */; };
		F850610A269EC71100F1491A /* Assets.xcassets in Resources */ = {isa = PBXBuildFile; fileRef = F8506109269EC71100F1491A /* Assets.xcassets */; };
		F850610D269EC71100F1491A /* Preview Assets.xcassets in Resources */ = {isa = PBXBuildFile; fileRef = F850610C269EC71100F1491A /* Preview Assets.xcassets */; };
		F8506117269ED09F00F1491A /* EightBit.swift in Sources */ = {isa = PBXBuildFile; fileRef = F8506116269ED09F00F1491A /* EightBit.swift */; };
		F8506119269ED2BB00F1491A /* VolumeToolBox.swift in Sources */ = {isa = PBXBuildFile; fileRef = F8506118269ED2BB00F1491A /* VolumeToolBox.swift */; };
		F850611B269ED65000F1491A /* FlappyVolume.swift in Sources */ = {isa = PBXBuildFile; fileRef = F850611A269ED65000F1491A /* FlappyVolume.swift */; };
		F850611D269EE12C00F1491A /* SliderTunner.swift in Sources */ = {isa = PBXBuildFile; fileRef = F850611C269EE12C00F1491A /* SliderTunner.swift */; };
		F87A156326A482CB008EAD56 /* Selection.swift in Sources */ = {isa = PBXBuildFile; fileRef = F87A156226A482CB008EAD56 /* Selection.swift */; };
		F87A156526A4941F008EAD56 /* IceHockey.swift in Sources */ = {isa = PBXBuildFile; fileRef = F87A156426A4941F008EAD56 /* IceHockey.swift */; };
		F89899AE269F239F00D6AF8D /* Shoot.swift in Sources */ = {isa = PBXBuildFile; fileRef = F89899AD269F239F00D6AF8D /* Shoot.swift */; };
		F89899B4269F363300D6AF8D /* 8bit.png in Resources */ = {isa = PBXBuildFile; fileRef = F89899B0269F363300D6AF8D /* 8bit.png */; };
		F89899B5269F363300D6AF8D /* slider.png in Resources */ = {isa = PBXBuildFile; fileRef = F89899B1269F363300D6AF8D /* slider.png */; };
		F89899B6269F363300D6AF8D /* flappy.png in Resources */ = {isa = PBXBuildFile; fileRef = F89899B2269F363300D6AF8D /* flappy.png */; };
		F89899B7269F363300D6AF8D /* shoot.png in Resources */ = {isa = PBXBuildFile; fileRef = F89899B3269F363300D6AF8D /* shoot.png */; };
		F8EAC59126A07A0900DB6F0B /* ColorAction.swift in Sources */ = {isa = PBXBuildFile; fileRef = F8EAC59026A07A0900DB6F0B /* ColorAction.swift */; };
		F8EAC59526A0826200DB6F0B /* coloraction.png in Resources */ = {isa = PBXBuildFile; fileRef = F8EAC59426A0826200DB6F0B /* coloraction.png */; };
/* End PBXBuildFile section */

/* Begin PBXFileReference section */
		F8506102269EC71000F1491A /* Epic Volume Changer.app */ = {isa = PBXFileReference; explicitFileType = wrapper.application; includeInIndex = 0; path = "Epic Volume Changer.app"; sourceTree = BUILT_PRODUCTS_DIR; };
		F8506105269EC71000F1491A /* volumeApp.swift */ = {isa = PBXFileReference; lastKnownFileType = sourcecode.swift; path = volumeApp.swift; sourceTree = "<group>"; };
		F8506107269EC71000F1491A /* ContentView.swift */ = {isa = PBXFileReference; lastKnownFileType = sourcecode.swift; path = ContentView.swift; sourceTree = "<group>"; };
		F8506109269EC71100F1491A /* Assets.xcassets */ = {isa = PBXFileReference; lastKnownFileType = folder.assetcatalog; path = Assets.xcassets; sourceTree = "<group>"; };
		F850610C269EC71100F1491A /* Preview Assets.xcassets */ = {isa = PBXFileReference; lastKnownFileType = folder.assetcatalog; path = "Preview Assets.xcassets"; sourceTree = "<group>"; };
		F850610E269EC71100F1491A /* Info.plist */ = {isa = PBXFileReference; lastKnownFileType = text.plist.xml; path = Info.plist; sourceTree = "<group>"; };
		F850610F269EC71100F1491A /* volume.entitlements */ = {isa = PBXFileReference; lastKnownFileType = text.plist.entitlements; path = volume.entitlements; sourceTree = "<group>"; };
		F8506116269ED09F00F1491A /* EightBit.swift */ = {isa = PBXFileReference; lastKnownFileType = sourcecode.swift; path = EightBit.swift; sourceTree = "<group>"; };
		F8506118269ED2BB00F1491A /* VolumeToolBox.swift */ = {isa = PBXFileReference; lastKnownFileType = sourcecode.swift; path = VolumeToolBox.swift; sourceTree = "<group>"; };
		F850611A269ED65000F1491A /* FlappyVolume.swift */ = {isa = PBXFileReference; lastKnownFileType = sourcecode.swift; path = FlappyVolume.swift; sourceTree = "<group>"; };
		F850611C269EE12C00F1491A /* SliderTunner.swift */ = {isa = PBXFileReference; lastKnownFileType = sourcecode.swift; path = SliderTunner.swift; sourceTree = "<group>"; };
		F87A156226A482CB008EAD56 /* Selection.swift */ = {isa = PBXFileReference; lastKnownFileType = sourcecode.swift; path = Selection.swift; sourceTree = "<group>"; };
		F87A156426A4941F008EAD56 /* IceHockey.swift */ = {isa = PBXFileReference; lastKnownFileType = sourcecode.swift; path = IceHockey.swift; sourceTree = "<group>"; };
		F89899AD269F239F00D6AF8D /* Shoot.swift */ = {isa = PBXFileReference; lastKnownFileType = sourcecode.swift; path = Shoot.swift; sourceTree = "<group>"; };
		F89899B0269F363300D6AF8D /* 8bit.png */ = {isa = PBXFileReference; lastKnownFileType = image.png; path = 8bit.png; sourceTree = "<group>"; };
		F89899B1269F363300D6AF8D /* slider.png */ = {isa = PBXFileReference; lastKnownFileType = image.png; path = slider.png; sourceTree = "<group>"; };
		F89899B2269F363300D6AF8D /* flappy.png */ = {isa = PBXFileReference; lastKnownFileType = image.png; path = flappy.png; sourceTree = "<group>"; };
		F89899B3269F363300D6AF8D /* shoot.png */ = {isa = PBXFileReference; lastKnownFileType = image.png; path = shoot.png; sourceTree = "<group>"; };
		F89899B8269F364900D6AF8D /* README.md */ = {isa = PBXFileReference; lastKnownFileType = net.daringfireball.markdown; path = README.md; sourceTree = "<group>"; };
		F8EAC59026A07A0900DB6F0B /* ColorAction.swift */ = {isa = PBXFileReference; lastKnownFileType = sourcecode.swift; path = ColorAction.swift; sourceTree = "<group>"; };
		F8EAC59426A0826200DB6F0B /* coloraction.png */ = {isa = PBXFileReference; lastKnownFileType = image.png; path = coloraction.png; sourceTree = "<group>"; };
/* End PBXFileReference section */

/* Begin PBXFrameworksBuildPhase section */
		F85060FF269EC71000F1491A /* Frameworks */ = {
			isa = PBXFrameworksBuildPhase;
			buildActionMask = 2147483647;
			files = (
			);
			runOnlyForDeploymentPostprocessing = 0;
		};
/* End PBXFrameworksBuildPhase section */

/* Begin PBXGroup section */
		F85060F9269EC71000F1491A = {
			isa = PBXGroup;
			children = (
				F89899B8269F364900D6AF8D /* README.md */,
				F89899AF269F35DE00D6AF8D /* resources */,
				F8506104269EC71000F1491A /* volume */,
				F8506103269EC71000F1491A /* Products */,
			);
			sourceTree = "<group>";
		};
		F8506103269EC71000F1491A /* Products */ = {
			isa = PBXGroup;
			children = (
				F8506102269EC71000F1491A /* Epic Volume Changer.app */,
			);
			name = Products;
			sourceTree = "<group>";
		};
		F8506104269EC71000F1491A /* volume */ = {
			isa = PBXGroup;
			children = (
				F8506105269EC71000F1491A /* volumeApp.swift */,
				F8506107269EC71000F1491A /* ContentView.swift */,
				F8506118269ED2BB00F1491A /* VolumeToolBox.swift */,
				F8506115269ED08500F1491A /* VolumeChangers */,
				F8506109269EC71100F1491A /* Assets.xcassets */,
				F850610E269EC71100F1491A /* Info.plist */,
				F850610F269EC71100F1491A /* volume.entitlements */,
				F850610B269EC71100F1491A /* Preview Content */,
			);
			path = volume;
			sourceTree = "<group>";
		};
		F850610B269EC71100F1491A /* Preview Content */ = {
			isa = PBXGroup;
			children = (
				F850610C269EC71100F1491A /* Preview Assets.xcassets */,
			);
			path = "Preview Content";
			sourceTree = "<group>";
		};
		F8506115269ED08500F1491A /* VolumeChangers */ = {
			isa = PBXGroup;
			children = (
				F8506116269ED09F00F1491A /* EightBit.swift */,
				F87A156226A482CB008EAD56 /* Selection.swift */,
				F850611C269EE12C00F1491A /* SliderTunner.swift */,
				F850611A269ED65000F1491A /* FlappyVolume.swift */,
				F87A156426A4941F008EAD56 /* IceHockey.swift */,
				F89899AD269F239F00D6AF8D /* Shoot.swift */,
				F8EAC59026A07A0900DB6F0B /* ColorAction.swift */,
			);
			path = VolumeChangers;
			sourceTree = "<group>";
		};
		F89899AF269F35DE00D6AF8D /* resources */ = {
			isa = PBXGroup;
			children = (
				F89899B0269F363300D6AF8D /* 8bit.png */,
				F89899B2269F363300D6AF8D /* flappy.png */,
				F89899B3269F363300D6AF8D /* shoot.png */,
				F89899B1269F363300D6AF8D /* slider.png */,
				F8EAC59426A0826200DB6F0B /* coloraction.png */,
			);
			path = resources;
			sourceTree = "<group>";
		};
/* End PBXGroup section */

/* Begin PBXNativeTarget section */
		F8506101269EC71000F1491A /* Epic Volume Changer */ = {
			isa = PBXNativeTarget;
			buildConfigurationList = F8506112269EC71100F1491A /* Build configuration list for PBXNativeTarget "Epic Volume Changer" */;
			buildPhases = (
				F85060FE269EC71000F1491A /* Sources */,
				F85060FF269EC71000F1491A /* Frameworks */,
				F8506100269EC71000F1491A /* Resources */,
			);
			buildRules = (
			);
			dependencies = (
			);
			name = "Epic Volume Changer";
			productName = volume;
			productReference = F8506102269EC71000F1491A /* Epic Volume Changer.app */;
			productType = "com.apple.product-type.application";
		};
/* End PBXNativeTarget section */

/* Begin PBXProject section */
		F85060FA269EC71000F1491A /* Project object */ = {
			isa = PBXProject;
			attributes = {
				LastSwiftUpdateCheck = 1250;
				LastUpgradeCheck = 1250;
				TargetAttributes = {
					F8506101269EC71000F1491A = {
						CreatedOnToolsVersion = 12.5.1;
					};
				};
			};
			buildConfigurationList = F85060FD269EC71000F1491A /* Build configuration list for PBXProject "volume" */;
			compatibilityVersion = "Xcode 9.3";
			developmentRegion = en;
			hasScannedForEncodings = 0;
			knownRegions = (
				en,
				Base,
			);
			mainGroup = F85060F9269EC71000F1491A;
			productRefGroup = F8506103269EC71000F1491A /* Products */;
			projectDirPath = "";
			projectRoot = "";
			targets = (
				F8506101269EC71000F1491A /* Epic Volume Changer */,
			);
		};
/* End PBXProject section */

/* Begin PBXResourcesBuildPhase section */
		F8506100269EC71000F1491A /* Resources */ = {
			isa = PBXResourcesBuildPhase;
			buildActionMask = 2147483647;
			files = (
				F89899B5269F363300D6AF8D /* slider.png in Resources */,
				F89899B7269F363300D6AF8D /* shoot.png in Resources */,
				F89899B4269F363300D6AF8D /* 8bit.png in Resources */,
				F8EAC59526A0826200DB6F0B /* coloraction.png in Resources */,
				F850610D269EC71100F1491A /* Preview Assets.xcassets in Resources */,
				F850610A269EC71100F1491A /* Assets.xcassets in Resources */,
				F89899B6269F363300D6AF8D /* flappy.png in Resources */,
			);
			runOnlyForDeploymentPostprocessing = 0;
		};
/* End PBXResourcesBuildPhase section */

/* Begin PBXSourcesBuildPhase section */
		F85060FE269EC71000F1491A /* Sources */ = {
			isa = PBXSourcesBuildPhase;
			buildActionMask = 2147483647;
			files = (
				F87A156526A4941F008EAD56 /* IceHockey.swift in Sources */,
				F8506108269EC71000F1491A /* ContentView.swift in Sources */,
				F8EAC59126A07A0900DB6F0B /* ColorAction.swift in Sources */,
				F8506106269EC71000F1491A /* volumeApp.swift in Sources */,
				F8506117269ED09F00F1491A /* EightBit.swift in Sources */,
				F850611B269ED65000F1491A /* FlappyVolume.swift in Sources */,
				F850611D269EE12C00F1491A /* SliderTunner.swift in Sources */,
				F87A156326A482CB008EAD56 /* Selection.swift in Sources */,
				F8506119269ED2BB00F1491A /* VolumeToolBox.swift in Sources */,
				F89899AE269F239F00D6AF8D /* Shoot.swift in Sources */,
			);
			runOnlyForDeploymentPostprocessing = 0;
		};
/* End PBXSourcesBuildPhase section */

/* Begin XCBuildConfiguration section */
		F8506110269EC71100F1491A /* Debug */ = {
			isa = XCBuildConfiguration;
			buildSettings = {
				ALWAYS_SEARCH_USER_PATHS = NO;
				CLANG_ANALYZER_NONNULL = YES;
				CLANG_ANALYZER_NUMBER_OBJECT_CONVERSION = YES_AGGRESSIVE;
				CLANG_CXX_LANGUAGE_STANDARD = "gnu++14";
				CLANG_CXX_LIBRARY = "libc++";
				CLANG_ENABLE_MODULES = YES;
				CLANG_ENABLE_OBJC_ARC = YES;
				CLANG_ENABLE_OBJC_WEAK = YES;
				CLANG_WARN_BLOCK_CAPTURE_AUTORELEASING = YES;
				CLANG_WARN_BOOL_CONVERSION = YES;
				CLANG_WARN_COMMA = YES;
				CLANG_WARN_CONSTANT_CONVERSION = YES;
				CLANG_WARN_DEPRECATED_OBJC_IMPLEMENTATIONS = YES;
				CLANG_WARN_DIRECT_OBJC_ISA_USAGE = YES_ERROR;
				CLANG_WARN_DOCUMENTATION_COMMENTS = YES;
				CLANG_WARN_EMPTY_BODY = YES;
				CLANG_WARN_ENUM_CONVERSION = YES;
				CLANG_WARN_INFINITE_RECURSION = YES;
				CLANG_WARN_INT_CONVERSION = YES;
				CLANG_WARN_NON_LITERAL_NULL_CONVERSION = YES;
				CLANG_WARN_OBJC_IMPLICIT_RETAIN_SELF = YES;
				CLANG_WARN_OBJC_LITERAL_CONVERSION = YES;
				CLANG_WARN_OBJC_ROOT_CLASS = YES_ERROR;
				CLANG_WARN_QUOTED_INCLUDE_IN_FRAMEWORK_HEADER = YES;
				CLANG_WARN_RANGE_LOOP_ANALYSIS = YES;
				CLANG_WARN_STRICT_PROTOTYPES = YES;
				CLANG_WARN_SUSPICIOUS_MOVE = YES;
				CLANG_WARN_UNGUARDED_AVAILABILITY = YES_AGGRESSIVE;
				CLANG_WARN_UNREACHABLE_CODE = YES;
				CLANG_WARN__DUPLICATE_METHOD_MATCH = YES;
				COPY_PHASE_STRIP = NO;
				DEBUG_INFORMATION_FORMAT = dwarf;
				ENABLE_STRICT_OBJC_MSGSEND = YES;
				ENABLE_TESTABILITY = YES;
				GCC_C_LANGUAGE_STANDARD = gnu11;
				GCC_DYNAMIC_NO_PIC = NO;
				GCC_NO_COMMON_BLOCKS = YES;
				GCC_OPTIMIZATION_LEVEL = 0;
				GCC_PREPROCESSOR_DEFINITIONS = (
					"DEBUG=1",
					"$(inherited)",
				);
				GCC_WARN_64_TO_32_BIT_CONVERSION = YES;
				GCC_WARN_ABOUT_RETURN_TYPE = YES_ERROR;
				GCC_WARN_UNDECLARED_SELECTOR = YES;
				GCC_WARN_UNINITIALIZED_AUTOS = YES_AGGRESSIVE;
				GCC_WARN_UNUSED_FUNCTION = YES;
				GCC_WARN_UNUSED_VARIABLE = YES;
				MACOSX_DEPLOYMENT_TARGET = 11.3;
				MTL_ENABLE_DEBUG_INFO = INCLUDE_SOURCE;
				MTL_FAST_MATH = YES;
				ONLY_ACTIVE_ARCH = YES;
				SDKROOT = macosx;
				SWIFT_ACTIVE_COMPILATION_CONDITIONS = DEBUG;
				SWIFT_OPTIMIZATION_LEVEL = "-Onone";
			};
			name = Debug;
		};
		F8506111269EC71100F1491A /* Release */ = {
			isa = XCBuildConfiguration;
			buildSettings = {
				ALWAYS_SEARCH_USER_PATHS = NO;
				CLANG_ANALYZER_NONNULL = YES;
				CLANG_ANALYZER_NUMBER_OBJECT_CONVERSION = YES_AGGRESSIVE;
				CLANG_CXX_LANGUAGE_STANDARD = "gnu++14";
				CLANG_CXX_LIBRARY = "libc++";
				CLANG_ENABLE_MODULES = YES;
				CLANG_ENABLE_OBJC_ARC = YES;
				CLANG_ENABLE_OBJC_WEAK = YES;
				CLANG_WARN_BLOCK_CAPTURE_AUTORELEASING = YES;
				CLANG_WARN_BOOL_CONVERSION = YES;
				CLANG_WARN_COMMA = YES;
				CLANG_WARN_CONSTANT_CONVERSION = YES;
				CLANG_WARN_DEPRECATED_OBJC_IMPLEMENTATIONS = YES;
				CLANG_WARN_DIRECT_OBJC_ISA_USAGE = YES_ERROR;
				CLANG_WARN_DOCUMENTATION_COMMENTS = YES;
				CLANG_WARN_EMPTY_BODY = YES;
				CLANG_WARN_ENUM_CONVERSION = YES;
				CLANG_WARN_INFINITE_RECURSION = YES;
				CLANG_WARN_INT_CONVERSION = YES;
				CLANG_WARN_NON_LITERAL_NULL_CONVERSION = YES;
				CLANG_WARN_OBJC_IMPLICIT_RETAIN_SELF = YES;
				CLANG_WARN_OBJC_LITERAL_CONVERSION = YES;
				CLANG_WARN_OBJC_ROOT_CLASS = YES_ERROR;
				CLANG_WARN_QUOTED_INCLUDE_IN_FRAMEWORK_HEADER = YES;
				CLANG_WARN_RANGE_LOOP_ANALYSIS = YES;
				CLANG_WARN_STRICT_PROTOTYPES = YES;
				CLANG_WARN_SUSPICIOUS_MOVE = YES;
				CLANG_WARN_UNGUARDED_AVAILABILITY = YES_AGGRESSIVE;
				CLANG_WARN_UNREACHABLE_CODE = YES;
				CLANG_WARN__DUPLICATE_METHOD_MATCH = YES;
				COPY_PHASE_STRIP = NO;
				DEBUG_INFORMATION_FORMAT = "dwarf-with-dsym";
				ENABLE_NS_ASSERTIONS = NO;
				ENABLE_STRICT_OBJC_MSGSEND = YES;
				GCC_C_LANGUAGE_STANDARD = gnu11;
				GCC_NO_COMMON_BLOCKS = YES;
				GCC_WARN_64_TO_32_BIT_CONVERSION = YES;
				GCC_WARN_ABOUT_RETURN_TYPE = YES_ERROR;
				GCC_WARN_UNDECLARED_SELECTOR = YES;
				GCC_WARN_UNINITIALIZED_AUTOS = YES_AGGRESSIVE;
				GCC_WARN_UNUSED_FUNCTION = YES;
				GCC_WARN_UNUSED_VARIABLE = YES;
				MACOSX_DEPLOYMENT_TARGET = 11.3;
				MTL_ENABLE_DEBUG_INFO = NO;
				MTL_FAST_MATH = YES;
				SDKROOT = macosx;
				SWIFT_COMPILATION_MODE = wholemodule;
				SWIFT_OPTIMIZATION_LEVEL = "-O";
			};
			name = Release;
		};
		F8506113269EC71100F1491A /* Debug */ = {
			isa = XCBuildConfiguration;
			buildSettings = {
				ASSETCATALOG_COMPILER_APPICON_NAME = AppIcon;
				ASSETCATALOG_COMPILER_GLOBAL_ACCENT_COLOR_NAME = AccentColor;
				CODE_SIGN_ENTITLEMENTS = volume/volume.entitlements;
				CODE_SIGN_STYLE = Automatic;
				COMBINE_HIDPI_IMAGES = YES;
				CURRENT_PROJECT_VERSION = 3;
				DEVELOPMENT_ASSET_PATHS = "\"volume/Preview Content\"";
				DEVELOPMENT_TEAM = DSW9SHB8GP;
				ENABLE_HARDENED_RUNTIME = YES;
				ENABLE_PREVIEWS = YES;
				INFOPLIST_FILE = volume/Info.plist;
				LD_RUNPATH_SEARCH_PATHS = (
					"$(inherited)",
					"@executable_path/../Frameworks",
				);
				MACOSX_DEPLOYMENT_TARGET = 11.0;
				MARKETING_VERSION = 1.0.3;
				PRODUCT_BUNDLE_IDENTIFIER = me.butanediol.volume;
				PRODUCT_NAME = "$(TARGET_NAME)";
				SWIFT_VERSION = 5.0;
			};
			name = Debug;
		};
		F8506114269EC71100F1491A /* Release */ = {
			isa = XCBuildConfiguration;
			buildSettings = {
				ASSETCATALOG_COMPILER_APPICON_NAME = AppIcon;
				ASSETCATALOG_COMPILER_GLOBAL_ACCENT_COLOR_NAME = AccentColor;
				CODE_SIGN_ENTITLEMENTS = volume/volume.entitlements;
				CODE_SIGN_STYLE = Automatic;
				COMBINE_HIDPI_IMAGES = YES;
				CURRENT_PROJECT_VERSION = 3;
				DEVELOPMENT_ASSET_PATHS = "\"volume/Preview Content\"";
				DEVELOPMENT_TEAM = DSW9SHB8GP;
				ENABLE_HARDENED_RUNTIME = YES;
				ENABLE_PREVIEWS = YES;
				INFOPLIST_FILE = volume/Info.plist;
				LD_RUNPATH_SEARCH_PATHS = (
					"$(inherited)",
					"@executable_path/../Frameworks",
				);
				MACOSX_DEPLOYMENT_TARGET = 11.0;
				MARKETING_VERSION = 1.0.3;
				PRODUCT_BUNDLE_IDENTIFIER = me.butanediol.volume;
				PRODUCT_NAME = "$(TARGET_NAME)";
				SWIFT_VERSION = 5.0;
			};
			name = Release;
		};
/* End XCBuildConfiguration section */

/* Begin XCConfigurationList section */
		F85060FD269EC71000F1491A /* Build configuration list for PBXProject "volume" */ = {
			isa = XCConfigurationList;
			buildConfigurations = (
				F8506110269EC71100F1491A /* Debug */,
				F8506111269EC71100F1491A /* Release */,
			);
			defaultConfigurationIsVisible = 0;
			defaultConfigurationName = Release;
		};
		F8506112269EC71100F1491A /* Build configuration list for PBXNativeTarget "Epic Volume Changer" */ = {
			isa = XCConfigurationList;
			buildConfigurations = (
				F8506113269EC71100F1491A /* Debug */,
				F8506114269EC71100F1491A /* Release */,
			);
			defaultConfigurationIsVisible = 0;
			defaultConfigurationName = Release;
		};
/* End XCConfigurationList section */
	};
	rootObject = F85060FA269EC71000F1491A /* Project object */;
}
